
Microsoft Visual Studio Solution File, Format Version 12.00
# Visual Studio Version 16
VisualStudioVersion = 16.0.30907.101
MinimumVisualStudioVersion = 10.0.40219.1
Project("{9A19103F-16F7-4668-BE54-9A1E7A4F7556}") = "CampIntro", "CampIntro\CampIntro.csproj", "{CB7E0EA0-0078-4FC3-8046-0294372D28C1}"
EndProject
Project("{9A19103F-16F7-4668-BE54-9A1E7A4F7556}") = "GenericsIntro", "GenericsIntro\GenericsIntro.csproj", "{8535A71D-FB94-4E9A-8C3E-26758CBF6762}"
EndProject
Project("{9A19103F-16F7-4668-BE54-9A1E7A4F7556}") = "ReferenceTypes", "ReferenceTypes\ReferenceTypes.csproj", "{F8B7C97C-6989-4477-90FB-348B2CC236AE}"
EndProject
Project("{9A19103F-16F7-4668-BE54-9A1E7A4F7556}") = "Constructors", "Constructors\Constructors.csproj", "{8ACABE4C-45BD-41BA-B54A-39090C7F3C3F}"
EndProject
Project("{9A19103F-16F7-4668-BE54-9A1E7A4F7556}") = "Generics", "Generics\Generics.csproj", "{B958B464-843C-454C-841D-B442575636C9}"
EndProject
Project("{9A19103F-16F7-4668-BE54-9A1E7A4F7556}") = "MyDictionary", "MyDictionary\MyDictionary.csproj", "{CFDC1AD6-424C-419D-93A6-127AB71E1133}"
EndProject
Project("{9A19103F-16F7-4668-BE54-9A1E7A4F7556}") = "OOP2", "OOP2\OOP2.csproj", "{3E579E8E-52EB-4A1D-9A0C-BA5BD90B3FA7}"
EndProject
Project("{9A19103F-16F7-4668-BE54-9A1E7A4F7556}") = "OOP3", "OOP3\OOP3.csproj", "{797361D7-E530-4857-9445-8FD59797A7A1}"
EndProject
Project("{9A19103F-16F7-4668-BE54-9A1E7A4F7556}") = "Classes", "Classes\Classes.csproj", "{926B0B7A-39A8-4CFC-87FB-8573192D0AE1}"
EndProject
Project("{FAE04EC0-301F-11D3-BF4B-00C04F79EFBC}") = "RecapDemo1", "RecapDemo1\RecapDemo1.csproj", "{01C3FA6F-A3A1-460C-B154-03EE4D310577}"
EndProject
Project("{9A19103F-16F7-4668-BE54-9A1E7A4F7556}") = "Interfaces", "Interfaces\Interfaces.csproj", "{06E4C1CE-A4A6-4A33-A523-05780760C1CE}"
EndProject
Project("{9A19103F-16F7-4668-BE54-9A1E7A4F7556}") = "InterfacesDemo", "InterfacesDemo\InterfacesDemo.csproj", "{C5796289-0279-4A04-863A-57239088F3F0}"
EndProject
Project("{9A19103F-16F7-4668-BE54-9A1E7A4F7556}") = "Inheritance", "Inheritance\Inheritance.csproj", "{33E1C960-F63A-4973-8C5B-91CEDDAD6A8D}"
EndProject
Project("{9A19103F-16F7-4668-BE54-9A1E7A4F7556}") = "InterfaceAbstractDemo", "InterfaceAbstractDemo\InterfaceAbstractDemo.csproj", "{73BD44AA-88AF-4B6F-8CFC-B2BA728A44DC}"
EndProject
Project("{9A19103F-16F7-4668-BE54-9A1E7A4F7556}") = "GameAppProject", "GameAppProject\GameAppProject.csproj", "{3480B40D-290F-4535-B99B-40E9AE5DFB14}"
EndProject
Project("{9A19103F-16F7-4668-BE54-9A1E7A4F7556}") = "LinqProject", "LinqProject\LinqProject.csproj", "{617BC9E6-1A6B-4A17-A552-F87772138CE0}"
EndProject
Project("{FAE04EC0-301F-11D3-BF4B-00C04F79EFBC}") = "EntityFrameworkDemo", "EntityFrameworkDemo\EntityFrameworkDemo.csproj", "{B8E020B9-9294-4D1F-921A-7182A14E61E2}"
EndProject
Global
	GlobalSection(SolutionConfigurationPlatforms) = preSolution
		Debug|Any CPU = Debug|Any CPU
		Release|Any CPU = Release|Any CPU
	EndGlobalSection
	GlobalSection(ProjectConfigurationPlatforms) = postSolution
		{CB7E0EA0-0078-4FC3-8046-0294372D28C1}.Debug|Any CPU.ActiveCfg = Debug|Any CPU
		{CB7E0EA0-0078-4FC3-8046-0294372D28C1}.Debug|Any CPU.Build.0 = Debug|Any CPU
		{CB7E0EA0-0078-4FC3-8046-0294372D28C1}.Release|Any CPU.ActiveCfg = Release|Any CPU
		{CB7E0EA0-0078-4FC3-8046-0294372D28C1}.Release|Any CPU.Build.0 = Release|Any CPU
		{8535A71D-FB94-4E9A-8C3E-26758CBF6762}.Debug|Any CPU.ActiveCfg = Debug|Any CPU
		{8535A71D-FB94-4E9A-8C3E-26758CBF6762}.Debug|Any CPU.Build.0 = Debug|Any CPU
		{8535A71D-FB94-4E9A-8C3E-26758CBF6762}.Release|Any CPU.ActiveCfg = Release|Any CPU
		{8535A71D-FB94-4E9A-8C3E-26758CBF6762}.Release|Any CPU.Build.0 = Release|Any CPU
		{F8B7C97C-6989-4477-90FB-348B2CC236AE}.Debug|Any CPU.ActiveCfg = Debug|Any CPU
		{F8B7C97C-6989-4477-90FB-348B2CC236AE}.Debug|Any CPU.Build.0 = Debug|Any CPU
		{F8B7C97C-6989-4477-90FB-348B2CC236AE}.Release|Any CPU.ActiveCfg = Release|Any CPU
		{F8B7C97C-6989-4477-90FB-348B2CC236AE}.Release|Any CPU.Build.0 = Release|Any CPU
		{8ACABE4C-45BD-41BA-B54A-39090C7F3C3F}.Debug|Any CPU.ActiveCfg = Debug|Any CPU
		{8ACABE4C-45BD-41BA-B54A-39090C7F3C3F}.Debug|Any CPU.Build.0 = Debug|Any CPU
		{8ACABE4C-45BD-41BA-B54A-39090C7F3C3F}.Release|Any CPU.ActiveCfg = Release|Any CPU
		{8ACABE4C-45BD-41BA-B54A-39090C7F3C3F}.Release|Any CPU.Build.0 = Release|Any CPU
		{B958B464-843C-454C-841D-B442575636C9}.Debug|Any CPU.ActiveCfg = Debug|Any CPU
		{B958B464-843C-454C-841D-B442575636C9}.Debug|Any CPU.Build.0 = Debug|Any CPU
		{B958B464-843C-454C-841D-B442575636C9}.Release|Any CPU.ActiveCfg = Release|Any CPU
		{B958B464-843C-454C-841D-B442575636C9}.Release|Any CPU.Build.0 = Release|Any CPU
		{CFDC1AD6-424C-419D-93A6-127AB71E1133}.Debug|Any CPU.ActiveCfg = Debug|Any CPU
		{CFDC1AD6-424C-419D-93A6-127AB71E1133}.Debug|Any CPU.Build.0 = Debug|Any CPU
		{CFDC1AD6-424C-419D-93A6-127AB71E1133}.Release|Any CPU.ActiveCfg = Release|Any CPU
		{CFDC1AD6-424C-419D-93A6-127AB71E1133}.Release|Any CPU.Build.0 = Release|Any CPU
		{3E579E8E-52EB-4A1D-9A0C-BA5BD90B3FA7}.Debug|Any CPU.ActiveCfg = Debug|Any CPU
		{3E579E8E-52EB-4A1D-9A0C-BA5BD90B3FA7}.Debug|Any CPU.Build.0 = Debug|Any CPU
		{3E579E8E-52EB-4A1D-9A0C-BA5BD90B3FA7}.Release|Any CPU.ActiveCfg = Release|Any CPU
		{3E579E8E-52EB-4A1D-9A0C-BA5BD90B3FA7}.Release|Any CPU.Build.0 = Release|Any CPU
		{797361D7-E530-4857-9445-8FD59797A7A1}.Debug|Any CPU.ActiveCfg = Debug|Any CPU
		{797361D7-E530-4857-9445-8FD59797A7A1}.Debug|Any CPU.Build.0 = Debug|Any CPU
		{797361D7-E530-4857-9445-8FD59797A7A1}.Release|Any CPU.ActiveCfg = Release|Any CPU
		{797361D7-E530-4857-9445-8FD59797A7A1}.Release|Any CPU.Build.0 = Release|Any CPU
		{926B0B7A-39A8-4CFC-87FB-8573192D0AE1}.Debug|Any CPU.ActiveCfg = Debug|Any CPU
		{926B0B7A-39A8-4CFC-87FB-8573192D0AE1}.Debug|Any CPU.Build.0 = Debug|Any CPU
		{926B0B7A-39A8-4CFC-87FB-8573192D0AE1}.Release|Any CPU.ActiveCfg = Release|Any CPU
		{926B0B7A-39A8-4CFC-87FB-8573192D0AE1}.Release|Any CPU.Build.0 = Release|Any CPU
		{01C3FA6F-A3A1-460C-B154-03EE4D310577}.Debug|Any CPU.ActiveCfg = Debug|Any CPU
		{01C3FA6F-A3A1-460C-B154-03EE4D310577}.Debug|Any CPU.Build.0 = Debug|Any CPU
		{01C3FA6F-A3A1-460C-B154-03EE4D310577}.Release|Any CPU.ActiveCfg = Release|Any CPU
		{01C3FA6F-A3A1-460C-B154-03EE4D310577}.Release|Any CPU.Build.0 = Release|Any CPU
		{06E4C1CE-A4A6-4A33-A523-05780760C1CE}.Debug|Any CPU.ActiveCfg = Debug|Any CPU
		{06E4C1CE-A4A6-4A33-A523-05780760C1CE}.Debug|Any CPU.Build.0 = Debug|Any CPU
		{06E4C1CE-A4A6-4A33-A523-05780760C1CE}.Release|Any CPU.ActiveCfg = Release|Any CPU
		{06E4C1CE-A4A6-4A33-A523-05780760C1CE}.Release|Any CPU.Build.0 = Release|Any CPU
		{C5796289-0279-4A04-863A-57239088F3F0}.Debug|Any CPU.ActiveCfg = Debug|Any CPU
		{C5796289-0279-4A04-863A-57239088F3F0}.Debug|Any CPU.Build.0 = Debug|Any CPU
		{C5796289-0279-4A04-863A-57239088F3F0}.Release|Any CPU.ActiveCfg = Release|Any CPU
		{C5796289-0279-4A04-863A-57239088F3F0}.Release|Any CPU.Build.0 = Release|Any CPU
		{33E1C960-F63A-4973-8C5B-91CEDDAD6A8D}.Debug|Any CPU.ActiveCfg = Debug|Any CPU
		{33E1C960-F63A-4973-8C5B-91CEDDAD6A8D}.Debug|Any CPU.Build.0 = Debug|Any CPU
		{33E1C960-F63A-4973-8C5B-91CEDDAD6A8D}.Release|Any CPU.ActiveCfg = Release|Any CPU
		{33E1C960-F63A-4973-8C5B-91CEDDAD6A8D}.Release|Any CPU.Build.0 = Release|Any CPU
		{73BD44AA-88AF-4B6F-8CFC-B2BA728A44DC}.Debug|Any CPU.ActiveCfg = Debug|Any CPU
		{73BD44AA-88AF-4B6F-8CFC-B2BA728A44DC}.Debug|Any CPU.Build.0 = Debug|Any CPU
		{73BD44AA-88AF-4B6F-8CFC-B2BA728A44DC}.Release|Any CPU.ActiveCfg = Release|Any CPU
		{73BD44AA-88AF-4B6F-8CFC-B2BA728A44DC}.Release|Any CPU.Build.0 = Release|Any CPU
		{3480B40D-290F-4535-B99B-40E9AE5DFB14}.Debug|Any CPU.ActiveCfg = Debug|Any CPU
		{3480B40D-290F-4535-B99B-40E9AE5DFB14}.Debug|Any CPU.Build.0 = Debug|Any CPU
		{3480B40D-290F-4535-B99B-40E9AE5DFB14}.Release|Any CPU.ActiveCfg = Release|Any CPU
		{3480B40D-290F-4535-B99B-40E9AE5DFB14}.Release|Any CPU.Build.0 = Release|Any CPU
		{617BC9E6-1A6B-4A17-A552-F87772138CE0}.Debug|Any CPU.ActiveCfg = Debug|Any CPU
		{617BC9E6-1A6B-4A17-A552-F87772138CE0}.Debug|Any CPU.Build.0 = Debug|Any CPU
		{617BC9E6-1A6B-4A17-A552-F87772138CE0}.Release|Any CPU.ActiveCfg = Release|Any CPU
		{617BC9E6-1A6B-4A17-A552-F87772138CE0}.Release|Any CPU.Build.0 = Release|Any CPU
		{B8E020B9-9294-4D1F-921A-7182A14E61E2}.Debug|Any CPU.ActiveCfg = Debug|Any CPU
		{B8E020B9-9294-4D1F-921A-7182A14E61E2}.Debug|Any CPU.Build.0 = Debug|Any CPU
		{B8E020B9-9294-4D1F-921A-7182A14E61E2}.Release|Any CPU.ActiveCfg = Release|Any CPU
		{B8E020B9-9294-4D1F-921A-7182A14E61E2}.Release|Any CPU.Build.0 = Release|Any CPU
	EndGlobalSection
	GlobalSection(SolutionProperties) = preSolution
		HideSolutionNode = FALSE
	EndGlobalSection
	GlobalSection(ExtensibilityGlobals) = postSolution
		SolutionGuid = {CC63245F-D8B1-46CD-AAF1-389FB7CACF19}
	EndGlobalSection
EndGlobal
